
Microsoft Visual Studio Solution File, Format Version 12.00
# Visual Studio Version 16
VisualStudioVersion = 16.0.31112.23
MinimumVisualStudioVersion = 10.0.40219.1
Project("{8BC9CEB8-8B4A-11D0-8D11-00A0C91BC942}") = "Killer", "Killer\Killer.vcxproj", "{8F2E2227-FDF3-45C7-A8D4-099AA1C887E9}"
EndProject
Global
	GlobalSection(SolutionConfigurationPlatforms) = preSolution
		Debug|x64 = Debug|x64
		Debug|x86 = Debug|x86
		Release|x64 = Release|x64
		Release|x86 = Release|x86
	EndGlobalSection
	GlobalSection(ProjectConfigurationPlatforms) = postSolution
		{8F2E2227-FDF3-45C7-A8D4-099AA1C887E9}.Debug|x64.ActiveCfg = Debug|x64
		{8F2E2227-FDF3-45C7-A8D4-099AA1C887E9}.Debug|x64.Build.0 = Debug|x64
		{8F2E2227-FDF3-45C7-A8D4-099AA1C887E9}.Debug|x86.ActiveCfg = Debug|Win32
		{8F2E2227-FDF3-45C7-A8D4-099AA1C887E9}.Debug|x86.Build.0 = Debug|Win32
		{8F2E2227-FDF3-45C7-A8D4-099AA1C887E9}.Release|x64.ActiveCfg = Release|x64
		{8F2E2227-FDF3-45C7-A8D4-099AA1C887E9}.Release|x64.Build.0 = Release|x64
		{8F2E2227-FDF3-45C7-A8D4-099AA1C887E9}.Release|x86.ActiveCfg = Release|Win32
		{8F2E2227-FDF3-45C7-A8D4-099AA1C887E9}.Release|x86.Build.0 = Release|Win32
	EndGlobalSection
	GlobalSection(SolutionProperties) = preSolution
		HideSolutionNode = FALSE
	EndGlobalSection
	GlobalSection(ExtensibilityGlobals) = postSolution
		SolutionGuid = {F0532E71-192D-49BF-896E-9C65707B62AC}
	EndGlobalSection
EndGlobal
